
Microsoft Visual Studio Solution File, Format Version 12.00
# Visual Studio Version 17
VisualStudioVersion = 17.5.002.0
MinimumVisualStudioVersion = 10.0.40219.1
Project("{9A19103F-16F7-4668-BE54-9A1E7A4F7556}") = "MediaLibrary", "MediaLibrary.csproj", "{DFFB9CE9-D1D5-4C5C-928B-C8C9BF14AAB1}"
EndProject
Global
	GlobalSection(SolutionConfigurationPlatforms) = preSolution
		Debug|Any CPU = Debug|Any CPU
		Release|Any CPU = Release|Any CPU
	EndGlobalSection
	GlobalSection(ProjectConfigurationPlatforms) = postSolution
		{DFFB9CE9-D1D5-4C5C-928B-C8C9BF14AAB1}.Debug|Any CPU.ActiveCfg = Debug|Any CPU
		{DFFB9CE9-D1D5-4C5C-928B-C8C9BF14AAB1}.Debug|Any CPU.Build.0 = Debug|Any CPU
		{DFFB9CE9-D1D5-4C5C-928B-C8C9BF14AAB1}.Release|Any CPU.ActiveCfg = Release|Any CPU
		{DFFB9CE9-D1D5-4C5C-928B-C8C9BF14AAB1}.Release|Any CPU.Build.0 = Release|Any CPU
	EndGlobalSection
	GlobalSection(SolutionProperties) = preSolution
		HideSolutionNode = FALSE
	EndGlobalSection
	GlobalSection(ExtensibilityGlobals) = postSolution
		SolutionGuid = {95C452A8-8E15-4B53-8662-31E00836F9B3}
	EndGlobalSection
EndGlobal
